
Microsoft Visual Studio Solution File, Format Version 12.00
# Visual Studio Version 16
VisualStudioVersion = 16.0.30523.141
MinimumVisualStudioVersion = 10.0.40219.1
Project("{FAE04EC0-301F-11D3-BF4B-00C04F79EFBC}") = "ConsumeJsonLocal", "ConsumeJsonLocal\ConsumeJsonLocal.csproj", "{9F5B772C-6CBB-48DA-9B3D-2C0F7587694B}"
EndProject
Global
	GlobalSection(SolutionConfigurationPlatforms) = preSolution
		Debug|Any CPU = Debug|Any CPU
		Release|Any CPU = Release|Any CPU
	EndGlobalSection
	GlobalSection(ProjectConfigurationPlatforms) = postSolution
		{9F5B772C-6CBB-48DA-9B3D-2C0F7587694B}.Debug|Any CPU.ActiveCfg = Debug|Any CPU
		{9F5B772C-6CBB-48DA-9B3D-2C0F7587694B}.Debug|Any CPU.Build.0 = Debug|Any CPU
		{9F5B772C-6CBB-48DA-9B3D-2C0F7587694B}.Release|Any CPU.ActiveCfg = Release|Any CPU
		{9F5B772C-6CBB-48DA-9B3D-2C0F7587694B}.Release|Any CPU.Build.0 = Release|Any CPU
	EndGlobalSection
	GlobalSection(SolutionProperties) = preSolution
		HideSolutionNode = FALSE
	EndGlobalSection
	GlobalSection(ExtensibilityGlobals) = postSolution
		SolutionGuid = {49191C82-7FC2-421D-8FF1-ACD1F1008204}
	EndGlobalSection
EndGlobal
